
Microsoft Visual Studio Solution File, Format Version 12.00
# Visual Studio Version 16
VisualStudioVersion = 16.0.31624.102
MinimumVisualStudioVersion = 10.0.40219.1
Project("{9A19103F-16F7-4668-BE54-9A1E7A4F7556}") = "CodeTest", "CodeTest.csproj", "{FE388E39-B71F-4AC4-9D63-06936EB983BC}"
EndProject
Global
	GlobalSection(SolutionConfigurationPlatforms) = preSolution
		Debug|Any CPU = Debug|Any CPU
		Release|Any CPU = Release|Any CPU
	EndGlobalSection
	GlobalSection(ProjectConfigurationPlatforms) = postSolution
		{FE388E39-B71F-4AC4-9D63-06936EB983BC}.Debug|Any CPU.ActiveCfg = Debug|Any CPU
		{FE388E39-B71F-4AC4-9D63-06936EB983BC}.Debug|Any CPU.Build.0 = Debug|Any CPU
		{FE388E39-B71F-4AC4-9D63-06936EB983BC}.Release|Any CPU.ActiveCfg = Release|Any CPU
		{FE388E39-B71F-4AC4-9D63-06936EB983BC}.Release|Any CPU.Build.0 = Release|Any CPU
	EndGlobalSection
	GlobalSection(SolutionProperties) = preSolution
		HideSolutionNode = FALSE
	EndGlobalSection
	GlobalSection(ExtensibilityGlobals) = postSolution
		SolutionGuid = {ADAF92BB-A9BF-4DE5-B9AC-D0F12B89DE5A}
	EndGlobalSection
EndGlobal
